
Microsoft Visual Studio Solution File, Format Version 12.00
# Visual Studio Version 16
VisualStudioVersion = 16.0.30804.86
MinimumVisualStudioVersion = 10.0.40219.1
Project("{FAE04EC0-301F-11D3-BF4B-00C04F79EFBC}") = "UCmsApi", "UCmsApi\UCmsApi.csproj", "{983A9CA7-A224-420A-ADE1-4A01154F0AD6}"
EndProject
Global
	GlobalSection(SolutionConfigurationPlatforms) = preSolution
		Debug|Any CPU = Debug|Any CPU
		Release|Any CPU = Release|Any CPU
	EndGlobalSection
	GlobalSection(ProjectConfigurationPlatforms) = postSolution
		{983A9CA7-A224-420A-ADE1-4A01154F0AD6}.Debug|Any CPU.ActiveCfg = Debug|Any CPU
		{983A9CA7-A224-420A-ADE1-4A01154F0AD6}.Debug|Any CPU.Build.0 = Debug|Any CPU
		{983A9CA7-A224-420A-ADE1-4A01154F0AD6}.Release|Any CPU.ActiveCfg = Release|Any CPU
		{983A9CA7-A224-420A-ADE1-4A01154F0AD6}.Release|Any CPU.Build.0 = Release|Any CPU
	EndGlobalSection
	GlobalSection(SolutionProperties) = preSolution
		HideSolutionNode = FALSE
	EndGlobalSection
	GlobalSection(ExtensibilityGlobals) = postSolution
		SolutionGuid = {A6F55DB0-45E5-4942-8333-674D3A390A5C}
	EndGlobalSection
EndGlobal
